
Microsoft Visual Studio Solution File, Format Version 12.00
# Visual Studio Version 17
VisualStudioVersion = 17.11.35327.3
MinimumVisualStudioVersion = 10.0.40219.1
Project("{FAE04EC0-301F-11D3-BF4B-00C04F79EFBC}") = "Zadanie_1_iw", "Zadanie_1_iw\Zadanie_1_iw.csproj", "{8C9C6451-A693-43A5-820C-98C8F0605478}"
EndProject
Project("{FAE04EC0-301F-11D3-BF4B-00C04F79EFBC}") = "Zadanie_2_iw", "Zadanie_2_iw\Zadanie_2_iw.csproj", "{B2DC2C99-D0CA-4466-A02A-21BBA88C19B3}"
EndProject
Project("{FAE04EC0-301F-11D3-BF4B-00C04F79EFBC}") = "Zadanie_3_ie", "Zadanie_3_ie\Zadanie_3_ie.csproj", "{0701373F-2260-4FAF-AEEE-4579625BF97E}"
EndProject
Project("{FAE04EC0-301F-11D3-BF4B-00C04F79EFBC}") = "Zadanie_4_iw", "Zadanie_4_iw\Zadanie_4_iw.csproj", "{67FC5F11-4EA3-4931-989A-7B4006AAE3BA}"
EndProject
Project("{FAE04EC0-301F-11D3-BF4B-00C04F79EFBC}") = "Zadanie_5_iw", "Zadanie_5_iw\Zadanie_5_iw.csproj", "{DA67B814-A447-4340-8A97-CE88554A6D0E}"
EndProject
Global
	GlobalSection(SolutionConfigurationPlatforms) = preSolution
		Debug|Any CPU = Debug|Any CPU
		Release|Any CPU = Release|Any CPU
	EndGlobalSection
	GlobalSection(ProjectConfigurationPlatforms) = postSolution
		{8C9C6451-A693-43A5-820C-98C8F0605478}.Debug|Any CPU.ActiveCfg = Debug|Any CPU
		{8C9C6451-A693-43A5-820C-98C8F0605478}.Debug|Any CPU.Build.0 = Debug|Any CPU
		{8C9C6451-A693-43A5-820C-98C8F0605478}.Release|Any CPU.ActiveCfg = Release|Any CPU
		{8C9C6451-A693-43A5-820C-98C8F0605478}.Release|Any CPU.Build.0 = Release|Any CPU
		{B2DC2C99-D0CA-4466-A02A-21BBA88C19B3}.Debug|Any CPU.ActiveCfg = Debug|Any CPU
		{B2DC2C99-D0CA-4466-A02A-21BBA88C19B3}.Debug|Any CPU.Build.0 = Debug|Any CPU
		{B2DC2C99-D0CA-4466-A02A-21BBA88C19B3}.Release|Any CPU.ActiveCfg = Release|Any CPU
		{B2DC2C99-D0CA-4466-A02A-21BBA88C19B3}.Release|Any CPU.Build.0 = Release|Any CPU
		{0701373F-2260-4FAF-AEEE-4579625BF97E}.Debug|Any CPU.ActiveCfg = Debug|Any CPU
		{0701373F-2260-4FAF-AEEE-4579625BF97E}.Debug|Any CPU.Build.0 = Debug|Any CPU
		{0701373F-2260-4FAF-AEEE-4579625BF97E}.Release|Any CPU.ActiveCfg = Release|Any CPU
		{0701373F-2260-4FAF-AEEE-4579625BF97E}.Release|Any CPU.Build.0 = Release|Any CPU
		{67FC5F11-4EA3-4931-989A-7B4006AAE3BA}.Debug|Any CPU.ActiveCfg = Debug|Any CPU
		{67FC5F11-4EA3-4931-989A-7B4006AAE3BA}.Debug|Any CPU.Build.0 = Debug|Any CPU
		{67FC5F11-4EA3-4931-989A-7B4006AAE3BA}.Release|Any CPU.ActiveCfg = Release|Any CPU
		{67FC5F11-4EA3-4931-989A-7B4006AAE3BA}.Release|Any CPU.Build.0 = Release|Any CPU
		{DA67B814-A447-4340-8A97-CE88554A6D0E}.Debug|Any CPU.ActiveCfg = Debug|Any CPU
		{DA67B814-A447-4340-8A97-CE88554A6D0E}.Debug|Any CPU.Build.0 = Debug|Any CPU
		{DA67B814-A447-4340-8A97-CE88554A6D0E}.Release|Any CPU.ActiveCfg = Release|Any CPU
		{DA67B814-A447-4340-8A97-CE88554A6D0E}.Release|Any CPU.Build.0 = Release|Any CPU
	EndGlobalSection
	GlobalSection(SolutionProperties) = preSolution
		HideSolutionNode = FALSE
	EndGlobalSection
	GlobalSection(ExtensibilityGlobals) = postSolution
		SolutionGuid = {2D95BF9A-C730-40BA-A636-23149643E51B}
	EndGlobalSection
EndGlobal
