
Microsoft Visual Studio Solution File, Format Version 12.00
# Visual Studio Version 17
VisualStudioVersion = 17.11.35327.3
MinimumVisualStudioVersion = 10.0.40219.1
Project("{FAE04EC0-301F-11D3-BF4B-00C04F79EFBC}") = "Zadanie_1_funkcje", "Zadanie_1_funkcje\Zadanie_1_funkcje.csproj", "{F97F413E-945C-4CEA-AE67-AEBDDDF5F9A6}"
EndProject
Project("{FAE04EC0-301F-11D3-BF4B-00C04F79EFBC}") = "Zadanie_2_funkcje", "Zadanie_2_funkcje\Zadanie_2_funkcje.csproj", "{73F55B93-ECA3-43C7-8099-C102F090DA88}"
EndProject
Project("{FAE04EC0-301F-11D3-BF4B-00C04F79EFBC}") = "Zadanie_3_funkcje", "Zadanie_3_funkcje\Zadanie_3_funkcje.csproj", "{5F06D5AE-4462-42BF-80CC-5751EF34C064}"
EndProject
Project("{FAE04EC0-301F-11D3-BF4B-00C04F79EFBC}") = "Zadanie_4_funkcje", "Zadanie_4_funkcje\Zadanie_4_funkcje.csproj", "{51A7354A-F543-474C-8EA9-2925CD9A96E5}"
EndProject
Project("{FAE04EC0-301F-11D3-BF4B-00C04F79EFBC}") = "Zadanie_5_funkcje", "Zadanie_5_funkcje\Zadanie_5_funkcje.csproj", "{800F88DC-9649-4870-A936-7AC9717178C6}"
EndProject
Project("{FAE04EC0-301F-11D3-BF4B-00C04F79EFBC}") = "Zadanie_6_funkcje", "Zadanie_6_funkcje\Zadanie_6_funkcje.csproj", "{C977BADE-BCAE-4B59-8D96-15D288D856D2}"
EndProject
Project("{FAE04EC0-301F-11D3-BF4B-00C04F79EFBC}") = "Zad_7_funkcje_wlasne", "Zad_7_funkcje_wlasne\Zad_7_funkcje_wlasne.csproj", "{93DE8E17-18EF-4400-B3DB-89A002C8B87F}"
EndProject
Project("{FAE04EC0-301F-11D3-BF4B-00C04F79EFBC}") = "Zad_8_funkcje_wlasne", "Zad_8_funkcje_wlasne\Zad_8_funkcje_wlasne.csproj", "{20913316-94A6-4342-8F64-8A1388996D65}"
EndProject
Project("{FAE04EC0-301F-11D3-BF4B-00C04F79EFBC}") = "Zad_9_funkcje_wlasne", "Zad_9_funkcje_wlasne\Zad_9_funkcje_wlasne.csproj", "{D999C098-3157-4EF1-8BF4-A762BFC8F498}"
EndProject
Global
	GlobalSection(SolutionConfigurationPlatforms) = preSolution
		Debug|Any CPU = Debug|Any CPU
		Release|Any CPU = Release|Any CPU
	EndGlobalSection
	GlobalSection(ProjectConfigurationPlatforms) = postSolution
		{F97F413E-945C-4CEA-AE67-AEBDDDF5F9A6}.Debug|Any CPU.ActiveCfg = Debug|Any CPU
		{F97F413E-945C-4CEA-AE67-AEBDDDF5F9A6}.Debug|Any CPU.Build.0 = Debug|Any CPU
		{F97F413E-945C-4CEA-AE67-AEBDDDF5F9A6}.Release|Any CPU.ActiveCfg = Release|Any CPU
		{F97F413E-945C-4CEA-AE67-AEBDDDF5F9A6}.Release|Any CPU.Build.0 = Release|Any CPU
		{73F55B93-ECA3-43C7-8099-C102F090DA88}.Debug|Any CPU.ActiveCfg = Debug|Any CPU
		{73F55B93-ECA3-43C7-8099-C102F090DA88}.Debug|Any CPU.Build.0 = Debug|Any CPU
		{73F55B93-ECA3-43C7-8099-C102F090DA88}.Release|Any CPU.ActiveCfg = Release|Any CPU
		{73F55B93-ECA3-43C7-8099-C102F090DA88}.Release|Any CPU.Build.0 = Release|Any CPU
		{5F06D5AE-4462-42BF-80CC-5751EF34C064}.Debug|Any CPU.ActiveCfg = Debug|Any CPU
		{5F06D5AE-4462-42BF-80CC-5751EF34C064}.Debug|Any CPU.Build.0 = Debug|Any CPU
		{5F06D5AE-4462-42BF-80CC-5751EF34C064}.Release|Any CPU.ActiveCfg = Release|Any CPU
		{5F06D5AE-4462-42BF-80CC-5751EF34C064}.Release|Any CPU.Build.0 = Release|Any CPU
		{51A7354A-F543-474C-8EA9-2925CD9A96E5}.Debug|Any CPU.ActiveCfg = Debug|Any CPU
		{51A7354A-F543-474C-8EA9-2925CD9A96E5}.Debug|Any CPU.Build.0 = Debug|Any CPU
		{51A7354A-F543-474C-8EA9-2925CD9A96E5}.Release|Any CPU.ActiveCfg = Release|Any CPU
		{51A7354A-F543-474C-8EA9-2925CD9A96E5}.Release|Any CPU.Build.0 = Release|Any CPU
		{800F88DC-9649-4870-A936-7AC9717178C6}.Debug|Any CPU.ActiveCfg = Debug|Any CPU
		{800F88DC-9649-4870-A936-7AC9717178C6}.Debug|Any CPU.Build.0 = Debug|Any CPU
		{800F88DC-9649-4870-A936-7AC9717178C6}.Release|Any CPU.ActiveCfg = Release|Any CPU
		{800F88DC-9649-4870-A936-7AC9717178C6}.Release|Any CPU.Build.0 = Release|Any CPU
		{C977BADE-BCAE-4B59-8D96-15D288D856D2}.Debug|Any CPU.ActiveCfg = Debug|Any CPU
		{C977BADE-BCAE-4B59-8D96-15D288D856D2}.Debug|Any CPU.Build.0 = Debug|Any CPU
		{C977BADE-BCAE-4B59-8D96-15D288D856D2}.Release|Any CPU.ActiveCfg = Release|Any CPU
		{C977BADE-BCAE-4B59-8D96-15D288D856D2}.Release|Any CPU.Build.0 = Release|Any CPU
		{93DE8E17-18EF-4400-B3DB-89A002C8B87F}.Debug|Any CPU.ActiveCfg = Debug|Any CPU
		{93DE8E17-18EF-4400-B3DB-89A002C8B87F}.Debug|Any CPU.Build.0 = Debug|Any CPU
		{93DE8E17-18EF-4400-B3DB-89A002C8B87F}.Release|Any CPU.ActiveCfg = Release|Any CPU
		{93DE8E17-18EF-4400-B3DB-89A002C8B87F}.Release|Any CPU.Build.0 = Release|Any CPU
		{20913316-94A6-4342-8F64-8A1388996D65}.Debug|Any CPU.ActiveCfg = Debug|Any CPU
		{20913316-94A6-4342-8F64-8A1388996D65}.Debug|Any CPU.Build.0 = Debug|Any CPU
		{20913316-94A6-4342-8F64-8A1388996D65}.Release|Any CPU.ActiveCfg = Release|Any CPU
		{20913316-94A6-4342-8F64-8A1388996D65}.Release|Any CPU.Build.0 = Release|Any CPU
		{D999C098-3157-4EF1-8BF4-A762BFC8F498}.Debug|Any CPU.ActiveCfg = Debug|Any CPU
		{D999C098-3157-4EF1-8BF4-A762BFC8F498}.Debug|Any CPU.Build.0 = Debug|Any CPU
		{D999C098-3157-4EF1-8BF4-A762BFC8F498}.Release|Any CPU.ActiveCfg = Release|Any CPU
		{D999C098-3157-4EF1-8BF4-A762BFC8F498}.Release|Any CPU.Build.0 = Release|Any CPU
	EndGlobalSection
	GlobalSection(SolutionProperties) = preSolution
		HideSolutionNode = FALSE
	EndGlobalSection
	GlobalSection(ExtensibilityGlobals) = postSolution
		SolutionGuid = {2D95BF9A-C730-40BA-A636-23149643E51B}
	EndGlobalSection
EndGlobal
