
Microsoft Visual Studio Solution File, Format Version 12.00
# Visual Studio Version 17
VisualStudioVersion = 17.11.35327.3
MinimumVisualStudioVersion = 10.0.40219.1
Project("{FAE04EC0-301F-11D3-BF4B-00C04F79EFBC}") = "zad_8", "zad_6\zad_8.csproj", "{6F745C9A-8DCC-40F5-8E96-4A365281D359}"
EndProject
Project("{FAE04EC0-301F-11D3-BF4B-00C04F79EFBC}") = "zad_9", "zad_9\zad_9.csproj", "{F8BCA2AB-A062-4014-9D63-E92858E56C6B}"
EndProject
Project("{FAE04EC0-301F-11D3-BF4B-00C04F79EFBC}") = "zad_10", "zad_10\zad_10.csproj", "{92ED4F2F-14F6-4C0E-A666-8DB4BB381D50}"
EndProject
Project("{FAE04EC0-301F-11D3-BF4B-00C04F79EFBC}") = "zad_11", "zad_11\zad_11.csproj", "{9959AABD-931F-4141-B536-953C00DE8B1A}"
EndProject
Project("{FAE04EC0-301F-11D3-BF4B-00C04F79EFBC}") = "zad_8_iw", "zad_8_iw\zad_8_iw.csproj", "{E2AA09F4-D7AA-4BF6-898E-C97CF2837F9A}"
EndProject
Project("{FAE04EC0-301F-11D3-BF4B-00C04F79EFBC}") = "zad_9_iw", "zad_9_iw\zad_9_iw.csproj", "{7085973F-E358-4F2D-B143-30E72CC0A41F}"
EndProject
Project("{FAE04EC0-301F-11D3-BF4B-00C04F79EFBC}") = "zad_10_iw", "zad_10_iw\zad_10_iw.csproj", "{00EB7A70-DE29-46F7-8AFD-3F097DF94D01}"
EndProject
Project("{FAE04EC0-301F-11D3-BF4B-00C04F79EFBC}") = "zad_10_for", "zad_10_for\zad_10_for.csproj", "{1CAEF045-B788-4484-9C20-6531148852E8}"
EndProject
Project("{FAE04EC0-301F-11D3-BF4B-00C04F79EFBC}") = "zad_11_for", "zad_11_for\zad_11_for.csproj", "{A2C0D7E5-CE21-40EB-A2FD-F49887D4E190}"
EndProject
Project("{FAE04EC0-301F-11D3-BF4B-00C04F79EFBC}") = "zad_12_for", "zad_12_for\zad_12_for.csproj", "{4EC994CE-BF1E-471B-A0E3-808928292D51}"
EndProject
Project("{FAE04EC0-301F-11D3-BF4B-00C04F79EFBC}") = "zad_13_for", "zad_13_for\zad_13_for.csproj", "{F7867CA9-2F78-4E12-8B99-A85E9917983D}"
EndProject
Project("{FAE04EC0-301F-11D3-BF4B-00C04F79EFBC}") = "zad_14_for", "zad_14_for\zad_14_for.csproj", "{A7A597A4-5784-4955-9B2D-69EDDCF716B5}"
EndProject
Project("{FAE04EC0-301F-11D3-BF4B-00C04F79EFBC}") = "zad_7_while", "zad_7_while\zad_7_while.csproj", "{840ECF0B-DABF-4600-AD82-17804EB152A1}"
EndProject
Global
	GlobalSection(SolutionConfigurationPlatforms) = preSolution
		Debug|Any CPU = Debug|Any CPU
		Release|Any CPU = Release|Any CPU
	EndGlobalSection
	GlobalSection(ProjectConfigurationPlatforms) = postSolution
		{6F745C9A-8DCC-40F5-8E96-4A365281D359}.Debug|Any CPU.ActiveCfg = Debug|Any CPU
		{6F745C9A-8DCC-40F5-8E96-4A365281D359}.Debug|Any CPU.Build.0 = Debug|Any CPU
		{6F745C9A-8DCC-40F5-8E96-4A365281D359}.Release|Any CPU.ActiveCfg = Release|Any CPU
		{6F745C9A-8DCC-40F5-8E96-4A365281D359}.Release|Any CPU.Build.0 = Release|Any CPU
		{F8BCA2AB-A062-4014-9D63-E92858E56C6B}.Debug|Any CPU.ActiveCfg = Debug|Any CPU
		{F8BCA2AB-A062-4014-9D63-E92858E56C6B}.Debug|Any CPU.Build.0 = Debug|Any CPU
		{F8BCA2AB-A062-4014-9D63-E92858E56C6B}.Release|Any CPU.ActiveCfg = Release|Any CPU
		{F8BCA2AB-A062-4014-9D63-E92858E56C6B}.Release|Any CPU.Build.0 = Release|Any CPU
		{92ED4F2F-14F6-4C0E-A666-8DB4BB381D50}.Debug|Any CPU.ActiveCfg = Debug|Any CPU
		{92ED4F2F-14F6-4C0E-A666-8DB4BB381D50}.Debug|Any CPU.Build.0 = Debug|Any CPU
		{92ED4F2F-14F6-4C0E-A666-8DB4BB381D50}.Release|Any CPU.ActiveCfg = Release|Any CPU
		{92ED4F2F-14F6-4C0E-A666-8DB4BB381D50}.Release|Any CPU.Build.0 = Release|Any CPU
		{9959AABD-931F-4141-B536-953C00DE8B1A}.Debug|Any CPU.ActiveCfg = Debug|Any CPU
		{9959AABD-931F-4141-B536-953C00DE8B1A}.Debug|Any CPU.Build.0 = Debug|Any CPU
		{9959AABD-931F-4141-B536-953C00DE8B1A}.Release|Any CPU.ActiveCfg = Release|Any CPU
		{9959AABD-931F-4141-B536-953C00DE8B1A}.Release|Any CPU.Build.0 = Release|Any CPU
		{E2AA09F4-D7AA-4BF6-898E-C97CF2837F9A}.Debug|Any CPU.ActiveCfg = Debug|Any CPU
		{E2AA09F4-D7AA-4BF6-898E-C97CF2837F9A}.Debug|Any CPU.Build.0 = Debug|Any CPU
		{E2AA09F4-D7AA-4BF6-898E-C97CF2837F9A}.Release|Any CPU.ActiveCfg = Release|Any CPU
		{E2AA09F4-D7AA-4BF6-898E-C97CF2837F9A}.Release|Any CPU.Build.0 = Release|Any CPU
		{7085973F-E358-4F2D-B143-30E72CC0A41F}.Debug|Any CPU.ActiveCfg = Debug|Any CPU
		{7085973F-E358-4F2D-B143-30E72CC0A41F}.Debug|Any CPU.Build.0 = Debug|Any CPU
		{7085973F-E358-4F2D-B143-30E72CC0A41F}.Release|Any CPU.ActiveCfg = Release|Any CPU
		{7085973F-E358-4F2D-B143-30E72CC0A41F}.Release|Any CPU.Build.0 = Release|Any CPU
		{00EB7A70-DE29-46F7-8AFD-3F097DF94D01}.Debug|Any CPU.ActiveCfg = Debug|Any CPU
		{00EB7A70-DE29-46F7-8AFD-3F097DF94D01}.Debug|Any CPU.Build.0 = Debug|Any CPU
		{00EB7A70-DE29-46F7-8AFD-3F097DF94D01}.Release|Any CPU.ActiveCfg = Release|Any CPU
		{00EB7A70-DE29-46F7-8AFD-3F097DF94D01}.Release|Any CPU.Build.0 = Release|Any CPU
		{1CAEF045-B788-4484-9C20-6531148852E8}.Debug|Any CPU.ActiveCfg = Debug|Any CPU
		{1CAEF045-B788-4484-9C20-6531148852E8}.Debug|Any CPU.Build.0 = Debug|Any CPU
		{1CAEF045-B788-4484-9C20-6531148852E8}.Release|Any CPU.ActiveCfg = Release|Any CPU
		{1CAEF045-B788-4484-9C20-6531148852E8}.Release|Any CPU.Build.0 = Release|Any CPU
		{A2C0D7E5-CE21-40EB-A2FD-F49887D4E190}.Debug|Any CPU.ActiveCfg = Debug|Any CPU
		{A2C0D7E5-CE21-40EB-A2FD-F49887D4E190}.Debug|Any CPU.Build.0 = Debug|Any CPU
		{A2C0D7E5-CE21-40EB-A2FD-F49887D4E190}.Release|Any CPU.ActiveCfg = Release|Any CPU
		{A2C0D7E5-CE21-40EB-A2FD-F49887D4E190}.Release|Any CPU.Build.0 = Release|Any CPU
		{4EC994CE-BF1E-471B-A0E3-808928292D51}.Debug|Any CPU.ActiveCfg = Debug|Any CPU
		{4EC994CE-BF1E-471B-A0E3-808928292D51}.Debug|Any CPU.Build.0 = Debug|Any CPU
		{4EC994CE-BF1E-471B-A0E3-808928292D51}.Release|Any CPU.ActiveCfg = Release|Any CPU
		{4EC994CE-BF1E-471B-A0E3-808928292D51}.Release|Any CPU.Build.0 = Release|Any CPU
		{F7867CA9-2F78-4E12-8B99-A85E9917983D}.Debug|Any CPU.ActiveCfg = Debug|Any CPU
		{F7867CA9-2F78-4E12-8B99-A85E9917983D}.Debug|Any CPU.Build.0 = Debug|Any CPU
		{F7867CA9-2F78-4E12-8B99-A85E9917983D}.Release|Any CPU.ActiveCfg = Release|Any CPU
		{F7867CA9-2F78-4E12-8B99-A85E9917983D}.Release|Any CPU.Build.0 = Release|Any CPU
		{A7A597A4-5784-4955-9B2D-69EDDCF716B5}.Debug|Any CPU.ActiveCfg = Debug|Any CPU
		{A7A597A4-5784-4955-9B2D-69EDDCF716B5}.Debug|Any CPU.Build.0 = Debug|Any CPU
		{A7A597A4-5784-4955-9B2D-69EDDCF716B5}.Release|Any CPU.ActiveCfg = Release|Any CPU
		{A7A597A4-5784-4955-9B2D-69EDDCF716B5}.Release|Any CPU.Build.0 = Release|Any CPU
		{840ECF0B-DABF-4600-AD82-17804EB152A1}.Debug|Any CPU.ActiveCfg = Debug|Any CPU
		{840ECF0B-DABF-4600-AD82-17804EB152A1}.Debug|Any CPU.Build.0 = Debug|Any CPU
		{840ECF0B-DABF-4600-AD82-17804EB152A1}.Release|Any CPU.ActiveCfg = Release|Any CPU
		{840ECF0B-DABF-4600-AD82-17804EB152A1}.Release|Any CPU.Build.0 = Release|Any CPU
	EndGlobalSection
	GlobalSection(SolutionProperties) = preSolution
		HideSolutionNode = FALSE
	EndGlobalSection
	GlobalSection(ExtensibilityGlobals) = postSolution
		SolutionGuid = {2D95BF9A-C730-40BA-A636-23149643E51B}
	EndGlobalSection
EndGlobal
